schema_version: "1"
framework_release: adf-dev
protocols:
  application: "1"
  canonicalization: canonical-json-v1
  context_compiler: "6"
  data_model: "4"
  explanation: "2"
  kernel: "6"
  project_snapshot: "2"
  rule_compiler: "1"
detectors:
  typed-repository-fact: "3"
schema_bundle:
  version: "5"
  digest: sha256:4c2428d1abc3aaed2ef4ab13fd2fcfa4e746c5fefac136608b0aab14ebd85f2f
rule_set:
  source_digest: sha256:a9dc2e8901db7e4553be042ffce47388f1e8971ebb26feb2ecc377e2396c2f07
  index_digest: sha256:58adc0315e3f1460cb03931e0022a866a94f8718b0a071ca2863f6a0c7bec9c1
