schema_version: "1"
framework_release: prototype-vnext-dev
protocols:
  application: "1"
  canonicalization: canonical-json-v1
  context_compiler: "4"
  data_model: "3"
  explanation: "2"
  kernel: "5"
  project_snapshot: "1"
  rule_compiler: "1"
detectors:
  typed-repository-fact: "3"
schema_bundle:
  version: "2"
  digest: sha256:636c28a4f16fba78a170df7b67d9427fb8a68a0454fb366fd76a756c2a397888
rule_set:
  source_digest: sha256:a9dc2e8901db7e4553be042ffce47388f1e8971ebb26feb2ecc377e2396c2f07
  index_digest: sha256:58adc0315e3f1460cb03931e0022a866a94f8718b0a071ca2863f6a0c7bec9c1
